
Microsoft Visual Studio Solution File, Format Version 12.00
# Visual Studio Version 16
VisualStudioVersion = 16.0.28729.10
MinimumVisualStudioVersion = 10.0.40219.1
Project("{FAE04EC0-301F-11D3-BF4B-00C04F79EFBC}") = "Binary tree", "Binary tree\Binary tree.csproj", "{B0207D99-6FBA-4AE6-AE80-DE28A12A62E1}"
EndProject
Global
	GlobalSection(SolutionConfigurationPlatforms) = preSolution
		Debug|Any CPU = Debug|Any CPU
		Release|Any CPU = Release|Any CPU
	EndGlobalSection
	GlobalSection(ProjectConfigurationPlatforms) = postSolution
		{B0207D99-6FBA-4AE6-AE80-DE28A12A62E1}.Debug|Any CPU.ActiveCfg = Debug|Any CPU
		{B0207D99-6FBA-4AE6-AE80-DE28A12A62E1}.Debug|Any CPU.Build.0 = Debug|Any CPU
		{B0207D99-6FBA-4AE6-AE80-DE28A12A62E1}.Release|Any CPU.ActiveCfg = Release|Any CPU
		{B0207D99-6FBA-4AE6-AE80-DE28A12A62E1}.Release|Any CPU.Build.0 = Release|Any CPU
	EndGlobalSection
	GlobalSection(SolutionProperties) = preSolution
		HideSolutionNode = FALSE
	EndGlobalSection
	GlobalSection(ExtensibilityGlobals) = postSolution
		SolutionGuid = {A3638246-D07F-4E90-ACE8-00429A88511E}
	EndGlobalSection
EndGlobal
